
Microsoft Visual Studio Solution File, Format Version 12.00
# Visual Studio Version 17
VisualStudioVersion = 17.3.32901.215
MinimumVisualStudioVersion = 10.0.40219.1
Project("{FAE04EC0-301F-11D3-BF4B-00C04F79EFBC}") = "tiyatro_ornek", "tiyatro_ornek\tiyatro_ornek.csproj", "{AA60A6FB-0FBC-4685-A060-213F5DB05D02}"
EndProject
Global
	GlobalSection(SolutionConfigurationPlatforms) = preSolution
		Debug|Any CPU = Debug|Any CPU
		Release|Any CPU = Release|Any CPU
	EndGlobalSection
	GlobalSection(ProjectConfigurationPlatforms) = postSolution
		{AA60A6FB-0FBC-4685-A060-213F5DB05D02}.Debug|Any CPU.ActiveCfg = Debug|Any CPU
		{AA60A6FB-0FBC-4685-A060-213F5DB05D02}.Debug|Any CPU.Build.0 = Debug|Any CPU
		{AA60A6FB-0FBC-4685-A060-213F5DB05D02}.Release|Any CPU.ActiveCfg = Release|Any CPU
		{AA60A6FB-0FBC-4685-A060-213F5DB05D02}.Release|Any CPU.Build.0 = Release|Any CPU
	EndGlobalSection
	GlobalSection(SolutionProperties) = preSolution
		HideSolutionNode = FALSE
	EndGlobalSection
	GlobalSection(ExtensibilityGlobals) = postSolution
		SolutionGuid = {E2CDA1C8-8FC7-4902-9E8F-FB9409E77C35}
	EndGlobalSection
EndGlobal
